
Microsoft Visual Studio Solution File, Format Version 12.00
# Visual Studio Version 17
VisualStudioVersion = 17.2.32630.192
MinimumVisualStudioVersion = 10.0.40219.1
Project("{FAE04EC0-301F-11D3-BF4B-00C04F79EFBC}") = "netcore-docker-heroku", "netcore-docker-heroku.csproj", "{693951D1-A757-4762-B9CB-A3D216B76A3C}"
EndProject
Global
	GlobalSection(SolutionConfigurationPlatforms) = preSolution
		Debug|Any CPU = Debug|Any CPU
		Release|Any CPU = Release|Any CPU
	EndGlobalSection
	GlobalSection(ProjectConfigurationPlatforms) = postSolution
		{693951D1-A757-4762-B9CB-A3D216B76A3C}.Debug|Any CPU.ActiveCfg = Debug|Any CPU
		{693951D1-A757-4762-B9CB-A3D216B76A3C}.Debug|Any CPU.Build.0 = Debug|Any CPU
		{693951D1-A757-4762-B9CB-A3D216B76A3C}.Release|Any CPU.ActiveCfg = Release|Any CPU
		{693951D1-A757-4762-B9CB-A3D216B76A3C}.Release|Any CPU.Build.0 = Release|Any CPU
	EndGlobalSection
	GlobalSection(SolutionProperties) = preSolution
		HideSolutionNode = FALSE
	EndGlobalSection
	GlobalSection(ExtensibilityGlobals) = postSolution
		SolutionGuid = {404A00A0-4ABC-4505-9B37-FF0F54C62758}
	EndGlobalSection
EndGlobal
